
Microsoft Visual Studio Solution File, Format Version 12.00
# Visual Studio Version 17
VisualStudioVersion = 17.5.33516.290
MinimumVisualStudioVersion = 10.0.40219.1
Project("{9A19103F-16F7-4668-BE54-9A1E7A4F7556}") = "UrlShortener.WebApi", "URLShortener.WebApi\UrlShortener.WebApi.csproj", "{8402024D-0325-4245-AC78-1D8DA1243EFC}"
EndProject
Project("{9A19103F-16F7-4668-BE54-9A1E7A4F7556}") = "UrlShortener.Tests", "UrlShortener.Tests\UrlShortener.Tests.csproj", "{11613DC7-DE50-44E4-AA82-7D62CDA2ED7E}"
EndProject
Project("{2150E333-8FDC-42A3-9474-1A3956D46DE8}") = "Solution Items", "Solution Items", "{DF90E0A5-159F-4788-B995-C82E0B2829C4}"
	ProjectSection(SolutionItems) = preProject
		README.md = README.md
	EndProjectSection
EndProject
Global
	GlobalSection(SolutionConfigurationPlatforms) = preSolution
		Debug|Any CPU = Debug|Any CPU
		Release|Any CPU = Release|Any CPU
	EndGlobalSection
	GlobalSection(ProjectConfigurationPlatforms) = postSolution
		{8402024D-0325-4245-AC78-1D8DA1243EFC}.Debug|Any CPU.ActiveCfg = Debug|Any CPU
		{8402024D-0325-4245-AC78-1D8DA1243EFC}.Debug|Any CPU.Build.0 = Debug|Any CPU
		{8402024D-0325-4245-AC78-1D8DA1243EFC}.Release|Any CPU.ActiveCfg = Release|Any CPU
		{8402024D-0325-4245-AC78-1D8DA1243EFC}.Release|Any CPU.Build.0 = Release|Any CPU
		{11613DC7-DE50-44E4-AA82-7D62CDA2ED7E}.Debug|Any CPU.ActiveCfg = Debug|Any CPU
		{11613DC7-DE50-44E4-AA82-7D62CDA2ED7E}.Debug|Any CPU.Build.0 = Debug|Any CPU
		{11613DC7-DE50-44E4-AA82-7D62CDA2ED7E}.Release|Any CPU.ActiveCfg = Release|Any CPU
		{11613DC7-DE50-44E4-AA82-7D62CDA2ED7E}.Release|Any CPU.Build.0 = Release|Any CPU
	EndGlobalSection
	GlobalSection(SolutionProperties) = preSolution
		HideSolutionNode = FALSE
	EndGlobalSection
	GlobalSection(ExtensibilityGlobals) = postSolution
		SolutionGuid = {8CF17C24-22BA-499E-90B2-78ACD903486F}
	EndGlobalSection
EndGlobal
